// !$*UTF8*$!
{
	archiveVersion = 1;
	classes = {
	};
	objectVersion = 56;
	objects = {

/* Begin PBXBuildFile section */
		5D6B7EC52B0A26DD00ACCE46 /* AppDelegate.swift in Sources */ = {isa = PBXBuildFile; fileRef = 5D6B7EC42B0A26DD00ACCE46 /* AppDelegate.swift */; };
		5D6B7EC92B0A26DD00ACCE46 /* FactListController.swift in Sources */ = {isa = PBXBuildFile; fileRef = 5D6B7EC82B0A26DD00ACCE46 /* FactListController.swift */; };
		5D6B7ECE2B0A26DF00ACCE46 /* Assets.xcassets in Resources */ = {isa = PBXBuildFile; fileRef = 5D6B7ECD2B0A26DF00ACCE46 /* Assets.xcassets */; };
		5D6B7ED12B0A26DF00ACCE46 /* LaunchScreen.storyboard in Resources */ = {isa = PBXBuildFile; fileRef = 5D6B7ECF2B0A26DF00ACCE46 /* LaunchScreen.storyboard */; };
		5D6B7EDA2B0A2C6B00ACCE46 /* NatenWorking in Frameworks */ = {isa = PBXBuildFile; productRef = 5D6B7ED92B0A2C6B00ACCE46 /* NatenWorking */; };
		5D6B7EDE2B0A568500ACCE46 /* CatFact.swift in Sources */ = {isa = PBXBuildFile; fileRef = 5D6B7EDD2B0A568500ACCE46 /* CatFact.swift */; };
		5D6B7EE12B0A573A00ACCE46 /* FactListControllerViewModel.swift in Sources */ = {isa = PBXBuildFile; fileRef = 5D6B7EE02B0A573A00ACCE46 /* FactListControllerViewModel.swift */; };
		5D6B7EE42B0A579300ACCE46 /* Constants.swift in Sources */ = {isa = PBXBuildFile; fileRef = 5D6B7EE32B0A579300ACCE46 /* Constants.swift */; };
/* End PBXBuildFile section */

/* Begin PBXFileReference section */
		5D6B7EC12B0A26DD00ACCE46 /* Modularisation.app */ = {isa = PBXFileReference; explicitFileType = wrapper.application; includeInIndex = 0; path = Modularisation.app; sourceTree = BUILT_PRODUCTS_DIR; };
		5D6B7EC42B0A26DD00ACCE46 /* AppDelegate.swift */ = {isa = PBXFileReference; lastKnownFileType = sourcecode.swift; path = AppDelegate.swift; sourceTree = "<group>"; };
		5D6B7EC82B0A26DD00ACCE46 /* FactListController.swift */ = {isa = PBXFileReference; lastKnownFileType = sourcecode.swift; path = FactListController.swift; sourceTree = "<group>"; };
		5D6B7ECD2B0A26DF00ACCE46 /* Assets.xcassets */ = {isa = PBXFileReference; lastKnownFileType = folder.assetcatalog; path = Assets.xcassets; sourceTree = "<group>"; };
		5D6B7ED02B0A26DF00ACCE46 /* Base */ = {isa = PBXFileReference; lastKnownFileType = file.storyboard; name = Base; path = Base.lproj/LaunchScreen.storyboard; sourceTree = "<group>"; };
		5D6B7ED22B0A26DF00ACCE46 /* Info.plist */ = {isa = PBXFileReference; lastKnownFileType = text.plist.xml; path = Info.plist; sourceTree = "<group>"; };
		5D6B7EDD2B0A568500ACCE46 /* CatFact.swift */ = {isa = PBXFileReference; lastKnownFileType = sourcecode.swift; path = CatFact.swift; sourceTree = "<group>"; };
		5D6B7EE02B0A573A00ACCE46 /* FactListControllerViewModel.swift */ = {isa = PBXFileReference; lastKnownFileType = sourcecode.swift; path = FactListControllerViewModel.swift; sourceTree = "<group>"; };
		5D6B7EE32B0A579300ACCE46 /* Constants.swift */ = {isa = PBXFileReference; lastKnownFileType = sourcecode.swift; path = Constants.swift; sourceTree = "<group>"; };
/* End PBXFileReference section */

/* Begin PBXFrameworksBuildPhase section */
		5D6B7EBE2B0A26DD00ACCE46 /* Frameworks */ = {
			isa = PBXFrameworksBuildPhase;
			buildActionMask = 2147483647;
			files = (
				5D6B7EDA2B0A2C6B00ACCE46 /* NatenWorking in Frameworks */,
			);
			runOnlyForDeploymentPostprocessing = 0;
		};
/* End PBXFrameworksBuildPhase section */

/* Begin PBXGroup section */
		5D6B7EB82B0A26DD00ACCE46 = {
			isa = PBXGroup;
			children = (
				5D6B7EC32B0A26DD00ACCE46 /* Modularisation */,
				5D6B7EC22B0A26DD00ACCE46 /* Products */,
			);
			sourceTree = "<group>";
		};
		5D6B7EC22B0A26DD00ACCE46 /* Products */ = {
			isa = PBXGroup;
			children = (
				5D6B7EC12B0A26DD00ACCE46 /* Modularisation.app */,
			);
			name = Products;
			sourceTree = "<group>";
		};
		5D6B7EC32B0A26DD00ACCE46 /* Modularisation */ = {
			isa = PBXGroup;
			children = (
				5D6B7EDC2B0A565C00ACCE46 /* App */,
				5D6B7EDF2B0A568A00ACCE46 /* Model */,
				5D6B7EE82B0A6BF700ACCE46 /* Scene */,
				5D6B7EE22B0A576800ACCE46 /* Constants */,
				5D6B7ECD2B0A26DF00ACCE46 /* Assets.xcassets */,
				5D6B7ECF2B0A26DF00ACCE46 /* LaunchScreen.storyboard */,
				5D6B7ED22B0A26DF00ACCE46 /* Info.plist */,
			);
			path = Modularisation;
			sourceTree = "<group>";
		};
		5D6B7EDB2B0A565200ACCE46 /* Controllers */ = {
			isa = PBXGroup;
			children = (
				5D6B7EC82B0A26DD00ACCE46 /* FactListController.swift */,
			);
			path = Controllers;
			sourceTree = "<group>";
		};
		5D6B7EDC2B0A565C00ACCE46 /* App */ = {
			isa = PBXGroup;
			children = (
				5D6B7EC42B0A26DD00ACCE46 /* AppDelegate.swift */,
			);
			path = App;
			sourceTree = "<group>";
		};
		5D6B7EDF2B0A568A00ACCE46 /* Model */ = {
			isa = PBXGroup;
			children = (
				5D6B7EDD2B0A568500ACCE46 /* CatFact.swift */,
			);
			path = Model;
			sourceTree = "<group>";
		};
		5D6B7EE22B0A576800ACCE46 /* Constants */ = {
			isa = PBXGroup;
			children = (
				5D6B7EE32B0A579300ACCE46 /* Constants.swift */,
			);
			path = Constants;
			sourceTree = "<group>";
		};
		5D6B7EE62B0A5A4A00ACCE46 /* ViewModel */ = {
			isa = PBXGroup;
			children = (
				5D6B7EE02B0A573A00ACCE46 /* FactListControllerViewModel.swift */,
			);
			path = ViewModel;
			sourceTree = "<group>";
		};
		5D6B7EE82B0A6BF700ACCE46 /* Scene */ = {
			isa = PBXGroup;
			children = (
				5D6B7EDB2B0A565200ACCE46 /* Controllers */,
				5D6B7EE62B0A5A4A00ACCE46 /* ViewModel */,
			);
			path = Scene;
			sourceTree = "<group>";
		};
/* End PBXGroup section */

/* Begin PBXNativeTarget section */
		5D6B7EC02B0A26DD00ACCE46 /* Modularisation */ = {
			isa = PBXNativeTarget;
			buildConfigurationList = 5D6B7ED52B0A26DF00ACCE46 /* Build configuration list for PBXNativeTarget "Modularisation" */;
			buildPhases = (
				5D6B7EBD2B0A26DD00ACCE46 /* Sources */,
				5D6B7EBE2B0A26DD00ACCE46 /* Frameworks */,
				5D6B7EBF2B0A26DD00ACCE46 /* Resources */,
			);
			buildRules = (
			);
			dependencies = (
			);
			name = Modularisation;
			packageProductDependencies = (
				5D6B7ED92B0A2C6B00ACCE46 /* NatenWorking */,
			);
			productName = Modularisation;
			productReference = 5D6B7EC12B0A26DD00ACCE46 /* Modularisation.app */;
			productType = "com.apple.product-type.application";
		};
/* End PBXNativeTarget section */

/* Begin PBXProject section */
		5D6B7EB92B0A26DD00ACCE46 /* Project object */ = {
			isa = PBXProject;
			attributes = {
				BuildIndependentTargetsInParallel = 1;
				LastSwiftUpdateCheck = 1500;
				LastUpgradeCheck = 1500;
				TargetAttributes = {
					5D6B7EC02B0A26DD00ACCE46 = {
						CreatedOnToolsVersion = 15.0;
					};
				};
			};
			buildConfigurationList = 5D6B7EBC2B0A26DD00ACCE46 /* Build configuration list for PBXProject "Modularisation" */;
			compatibilityVersion = "Xcode 14.0";
			developmentRegion = en;
			hasScannedForEncodings = 0;
			knownRegions = (
				en,
				Base,
			);
			mainGroup = 5D6B7EB82B0A26DD00ACCE46;
			packageReferences = (
				5D6B7ED82B0A2C6B00ACCE46 /* XCRemoteSwiftPackageReference "NatenWorking" */,
			);
			productRefGroup = 5D6B7EC22B0A26DD00ACCE46 /* Products */;
			projectDirPath = "";
			projectRoot = "";
			targets = (
				5D6B7EC02B0A26DD00ACCE46 /* Modularisation */,
			);
		};
/* End PBXProject section */

/* Begin PBXResourcesBuildPhase section */
		5D6B7EBF2B0A26DD00ACCE46 /* Resources */ = {
			isa = PBXResourcesBuildPhase;
			buildActionMask = 2147483647;
			files = (
				5D6B7ED12B0A26DF00ACCE46 /* LaunchScreen.storyboard in Resources */,
				5D6B7ECE2B0A26DF00ACCE46 /* Assets.xcassets in Resources */,
			);
			runOnlyForDeploymentPostprocessing = 0;
		};
/* End PBXResourcesBuildPhase section */

/* Begin PBXSourcesBuildPhase section */
		5D6B7EBD2B0A26DD00ACCE46 /* Sources */ = {
			isa = PBXSourcesBuildPhase;
			buildActionMask = 2147483647;
			files = (
				5D6B7EE42B0A579300ACCE46 /* Constants.swift in Sources */,
				5D6B7EC92B0A26DD00ACCE46 /* FactListController.swift in Sources */,
				5D6B7EC52B0A26DD00ACCE46 /* AppDelegate.swift in Sources */,
				5D6B7EE12B0A573A00ACCE46 /* FactListControllerViewModel.swift in Sources */,
				5D6B7EDE2B0A568500ACCE46 /* CatFact.swift in Sources */,
			);
			runOnlyForDeploymentPostprocessing = 0;
		};
/* End PBXSourcesBuildPhase section */

/* Begin PBXVariantGroup section */
		5D6B7ECF2B0A26DF00ACCE46 /* LaunchScreen.storyboard */ = {
			isa = PBXVariantGroup;
			children = (
				5D6B7ED02B0A26DF00ACCE46 /* Base */,
			);
			name = LaunchScreen.storyboard;
			sourceTree = "<group>";
		};
/* End PBXVariantGroup section */

/* Begin XCBuildConfiguration section */
		5D6B7ED32B0A26DF00ACCE46 /* Debug */ = {
			isa = XCBuildConfiguration;
			buildSettings = {
				ALWAYS_SEARCH_USER_PATHS = NO;
				ASSETCATALOG_COMPILER_GENERATE_SWIFT_ASSET_SYMBOL_EXTENSIONS = YES;
				CLANG_ANALYZER_NONNULL = YES;
				CLANG_ANALYZER_NUMBER_OBJECT_CONVERSION = YES_AGGRESSIVE;
				CLANG_CXX_LANGUAGE_STANDARD = "gnu++20";
				CLANG_ENABLE_MODULES = YES;
				CLANG_ENABLE_OBJC_ARC = YES;
				CLANG_ENABLE_OBJC_WEAK = YES;
				CLANG_WARN_BLOCK_CAPTURE_AUTORELEASING = YES;
				CLANG_WARN_BOOL_CONVERSION = YES;
				CLANG_WARN_COMMA = YES;
				CLANG_WARN_CONSTANT_CONVERSION = YES;
				CLANG_WARN_DEPRECATED_OBJC_IMPLEMENTATIONS = YES;
				CLANG_WARN_DIRECT_OBJC_ISA_USAGE = YES_ERROR;
				CLANG_WARN_DOCUMENTATION_COMMENTS = YES;
				CLANG_WARN_EMPTY_BODY = YES;
				CLANG_WARN_ENUM_CONVERSION = YES;
				CLANG_WARN_INFINITE_RECURSION = YES;
				CLANG_WARN_INT_CONVERSION = YES;
				CLANG_WARN_NON_LITERAL_NULL_CONVERSION = YES;
				CLANG_WARN_OBJC_IMPLICIT_RETAIN_SELF = YES;
				CLANG_WARN_OBJC_LITERAL_CONVERSION = YES;
				CLANG_WARN_OBJC_ROOT_CLASS = YES_ERROR;
				CLANG_WARN_QUOTED_INCLUDE_IN_FRAMEWORK_HEADER = YES;
				CLANG_WARN_RANGE_LOOP_ANALYSIS = YES;
				CLANG_WARN_STRICT_PROTOTYPES = YES;
				CLANG_WARN_SUSPICIOUS_MOVE = YES;
				CLANG_WARN_UNGUARDED_AVAILABILITY = YES_AGGRESSIVE;
				CLANG_WARN_UNREACHABLE_CODE = YES;
				CLANG_WARN__DUPLICATE_METHOD_MATCH = YES;
				COPY_PHASE_STRIP = NO;
				DEBUG_INFORMATION_FORMAT = dwarf;
				ENABLE_STRICT_OBJC_MSGSEND = YES;
				ENABLE_TESTABILITY = YES;
				ENABLE_USER_SCRIPT_SANDBOXING = YES;
				GCC_C_LANGUAGE_STANDARD = gnu17;
				GCC_DYNAMIC_NO_PIC = NO;
				GCC_NO_COMMON_BLOCKS = YES;
				GCC_OPTIMIZATION_LEVEL = 0;
				GCC_PREPROCESSOR_DEFINITIONS = (
					"DEBUG=1",
					"$(inherited)",
				);
				GCC_WARN_64_TO_32_BIT_CONVERSION = YES;
				GCC_WARN_ABOUT_RETURN_TYPE = YES_ERROR;
				GCC_WARN_UNDECLARED_SELECTOR = YES;
				GCC_WARN_UNINITIALIZED_AUTOS = YES_AGGRESSIVE;
				GCC_WARN_UNUSED_FUNCTION = YES;
				GCC_WARN_UNUSED_VARIABLE = YES;
				IPHONEOS_DEPLOYMENT_TARGET = 17.0;
				LOCALIZATION_PREFERS_STRING_CATALOGS = YES;
				MTL_ENABLE_DEBUG_INFO = INCLUDE_SOURCE;
				MTL_FAST_MATH = YES;
				ONLY_ACTIVE_ARCH = YES;
				SDKROOT = iphoneos;
				SWIFT_ACTIVE_COMPILATION_CONDITIONS = "DEBUG $(inherited)";
				SWIFT_OPTIMIZATION_LEVEL = "-Onone";
			};
			name = Debug;
		};
		5D6B7ED42B0A26DF00ACCE46 /* Release */ = {
			isa = XCBuildConfiguration;
			buildSettings = {
				ALWAYS_SEARCH_USER_PATHS = NO;
				ASSETCATALOG_COMPILER_GENERATE_SWIFT_ASSET_SYMBOL_EXTENSIONS = YES;
				CLANG_ANALYZER_NONNULL = YES;
				CLANG_ANALYZER_NUMBER_OBJECT_CONVERSION = YES_AGGRESSIVE;
				CLANG_CXX_LANGUAGE_STANDARD = "gnu++20";
				CLANG_ENABLE_MODULES = YES;
				CLANG_ENABLE_OBJC_ARC = YES;
				CLANG_ENABLE_OBJC_WEAK = YES;
				CLANG_WARN_BLOCK_CAPTURE_AUTORELEASING = YES;
				CLANG_WARN_BOOL_CONVERSION = YES;
				CLANG_WARN_COMMA = YES;
				CLANG_WARN_CONSTANT_CONVERSION = YES;
				CLANG_WARN_DEPRECATED_OBJC_IMPLEMENTATIONS = YES;
				CLANG_WARN_DIRECT_OBJC_ISA_USAGE = YES_ERROR;
				CLANG_WARN_DOCUMENTATION_COMMENTS = YES;
				CLANG_WARN_EMPTY_BODY = YES;
				CLANG_WARN_ENUM_CONVERSION = YES;
				CLANG_WARN_INFINITE_RECURSION = YES;
				CLANG_WARN_INT_CONVERSION = YES;
				CLANG_WARN_NON_LITERAL_NULL_CONVERSION = YES;
				CLANG_WARN_OBJC_IMPLICIT_RETAIN_SELF = YES;
				CLANG_WARN_OBJC_LITERAL_CONVERSION = YES;
				CLANG_WARN_OBJC_ROOT_CLASS = YES_ERROR;
				CLANG_WARN_QUOTED_INCLUDE_IN_FRAMEWORK_HEADER = YES;
				CLANG_WARN_RANGE_LOOP_ANALYSIS = YES;
				CLANG_WARN_STRICT_PROTOTYPES = YES;
				CLANG_WARN_SUSPICIOUS_MOVE = YES;
				CLANG_WARN_UNGUARDED_AVAILABILITY = YES_AGGRESSIVE;
				CLANG_WARN_UNREACHABLE_CODE = YES;
				CLANG_WARN__DUPLICATE_METHOD_MATCH = YES;
				COPY_PHASE_STRIP = NO;
				DEBUG_INFORMATION_FORMAT = "dwarf-with-dsym";
				ENABLE_NS_ASSERTIONS = NO;
				ENABLE_STRICT_OBJC_MSGSEND = YES;
				ENABLE_USER_SCRIPT_SANDBOXING = YES;
				GCC_C_LANGUAGE_STANDARD = gnu17;
				GCC_NO_COMMON_BLOCKS = YES;
				GCC_WARN_64_TO_32_BIT_CONVERSION = YES;
				GCC_WARN_ABOUT_RETURN_TYPE = YES_ERROR;
				GCC_WARN_UNDECLARED_SELECTOR = YES;
				GCC_WARN_UNINITIALIZED_AUTOS = YES_AGGRESSIVE;
				GCC_WARN_UNUSED_FUNCTION = YES;
				GCC_WARN_UNUSED_VARIABLE = YES;
				IPHONEOS_DEPLOYMENT_TARGET = 17.0;
				LOCALIZATION_PREFERS_STRING_CATALOGS = YES;
				MTL_ENABLE_DEBUG_INFO = NO;
				MTL_FAST_MATH = YES;
				SDKROOT = iphoneos;
				SWIFT_COMPILATION_MODE = wholemodule;
				VALIDATE_PRODUCT = YES;
			};
			name = Release;
		};
		5D6B7ED62B0A26DF00ACCE46 /* Debug */ = {
			isa = XCBuildConfiguration;
			buildSettings = {
				ASSETCATALOG_COMPILER_APPICON_NAME = AppIcon;
				ASSETCATALOG_COMPILER_GLOBAL_ACCENT_COLOR_NAME = AccentColor;
				CODE_SIGN_STYLE = Automatic;
				CURRENT_PROJECT_VERSION = 1;
				DEVELOPMENT_TEAM = N6PQF93RKP;
				GENERATE_INFOPLIST_FILE = YES;
				INFOPLIST_FILE = Modularisation/Info.plist;
				INFOPLIST_KEY_UIApplicationSupportsIndirectInputEvents = YES;
				INFOPLIST_KEY_UILaunchStoryboardName = LaunchScreen;
				INFOPLIST_KEY_UISupportedInterfaceOrientations_iPad = "UIInterfaceOrientationPortrait UIInterfaceOrientationPortraitUpsideDown UIInterfaceOrientationLandscapeLeft UIInterfaceOrientationLandscapeRight";
				INFOPLIST_KEY_UISupportedInterfaceOrientations_iPhone = "UIInterfaceOrientationPortrait UIInterfaceOrientationLandscapeLeft UIInterfaceOrientationLandscapeRight";
				LD_RUNPATH_SEARCH_PATHS = (
					"$(inherited)",
					"@executable_path/Frameworks",
				);
				MARKETING_VERSION = 1.0;
				PRODUCT_BUNDLE_IDENTIFIER = com.nat.Modularisation;
				PRODUCT_NAME = "$(TARGET_NAME)";
				SWIFT_EMIT_LOC_STRINGS = YES;
				SWIFT_VERSION = 5.0;
				TARGETED_DEVICE_FAMILY = "1,2";
			};
			name = Debug;
		};
		5D6B7ED72B0A26DF00ACCE46 /* Release */ = {
			isa = XCBuildConfiguration;
			buildSettings = {
				ASSETCATALOG_COMPILER_APPICON_NAME = AppIcon;
				ASSETCATALOG_COMPILER_GLOBAL_ACCENT_COLOR_NAME = AccentColor;
				CODE_SIGN_STYLE = Automatic;
				CURRENT_PROJECT_VERSION = 1;
				DEVELOPMENT_TEAM = N6PQF93RKP;
				GENERATE_INFOPLIST_FILE = YES;
				INFOPLIST_FILE = Modularisation/Info.plist;
				INFOPLIST_KEY_UIApplicationSupportsIndirectInputEvents = YES;
				INFOPLIST_KEY_UILaunchStoryboardName = LaunchScreen;
				INFOPLIST_KEY_UISupportedInterfaceOrientations_iPad = "UIInterfaceOrientationPortrait UIInterfaceOrientationPortraitUpsideDown UIInterfaceOrientationLandscapeLeft UIInterfaceOrientationLandscapeRight";
				INFOPLIST_KEY_UISupportedInterfaceOrientations_iPhone = "UIInterfaceOrientationPortrait UIInterfaceOrientationLandscapeLeft UIInterfaceOrientationLandscapeRight";
				LD_RUNPATH_SEARCH_PATHS = (
					"$(inherited)",
					"@executable_path/Frameworks",
				);
				MARKETING_VERSION = 1.0;
				PRODUCT_BUNDLE_IDENTIFIER = com.nat.Modularisation;
				PRODUCT_NAME = "$(TARGET_NAME)";
				SWIFT_EMIT_LOC_STRINGS = YES;
				SWIFT_VERSION = 5.0;
				TARGETED_DEVICE_FAMILY = "1,2";
			};
			name = Release;
		};
/* End XCBuildConfiguration section */

/* Begin XCConfigurationList section */
		5D6B7EBC2B0A26DD00ACCE46 /* Build configuration list for PBXProject "Modularisation" */ = {
			isa = XCConfigurationList;
			buildConfigurations = (
				5D6B7ED32B0A26DF00ACCE46 /* Debug */,
				5D6B7ED42B0A26DF00ACCE46 /* Release */,
			);
			defaultConfigurationIsVisible = 0;
			defaultConfigurationName = Release;
		};
		5D6B7ED52B0A26DF00ACCE46 /* Build configuration list for PBXNativeTarget "Modularisation" */ = {
			isa = XCConfigurationList;
			buildConfigurations = (
				5D6B7ED62B0A26DF00ACCE46 /* Debug */,
				5D6B7ED72B0A26DF00ACCE46 /* Release */,
			);
			defaultConfigurationIsVisible = 0;
			defaultConfigurationName = Release;
		};
/* End XCConfigurationList section */

/* Begin XCRemoteSwiftPackageReference section */
		5D6B7ED82B0A2C6B00ACCE46 /* XCRemoteSwiftPackageReference "NatenWorking" */ = {
			isa = XCRemoteSwiftPackageReference;
			repositoryURL = "https://github.com/Natenadze/NatenWorking.git";
			requirement = {
				branch = main;
				kind = branch;
			};
		};
/* End XCRemoteSwiftPackageReference section */

/* Begin XCSwiftPackageProductDependency section */
		5D6B7ED92B0A2C6B00ACCE46 /* NatenWorking */ = {
			isa = XCSwiftPackageProductDependency;
			package = 5D6B7ED82B0A2C6B00ACCE46 /* XCRemoteSwiftPackageReference "NatenWorking" */;
			productName = NatenWorking;
		};
/* End XCSwiftPackageProductDependency section */
	};
	rootObject = 5D6B7EB92B0A26DD00ACCE46 /* Project object */;
}
